
Microsoft Visual Studio Solution File, Format Version 12.00
# Visual Studio Version 16
VisualStudioVersion = 25.0.1704.2
MinimumVisualStudioVersion = 10.0.40219.1
Project("{FAE04EC0-301F-11D3-BF4B-00C04F79EFBC}") = "InterfaceConstraintAnalyzer", "InterfaceConstraintAnalyzer\InterfaceConstraintAnalyzer.csproj", "{56313C8F-8819-435C-B0B5-1F8232B122EF}"
EndProject
Global
	GlobalSection(SolutionConfigurationPlatforms) = preSolution
		Debug|Any CPU = Debug|Any CPU
		Release|Any CPU = Release|Any CPU
	EndGlobalSection
	GlobalSection(ProjectConfigurationPlatforms) = postSolution
		{56313C8F-8819-435C-B0B5-1F8232B122EF}.Debug|Any CPU.ActiveCfg = Debug|Any CPU
		{56313C8F-8819-435C-B0B5-1F8232B122EF}.Debug|Any CPU.Build.0 = Debug|Any CPU
		{56313C8F-8819-435C-B0B5-1F8232B122EF}.Release|Any CPU.ActiveCfg = Release|Any CPU
		{56313C8F-8819-435C-B0B5-1F8232B122EF}.Release|Any CPU.Build.0 = Release|Any CPU
	EndGlobalSection
	GlobalSection(SolutionProperties) = preSolution
		HideSolutionNode = FALSE
	EndGlobalSection
	GlobalSection(ExtensibilityGlobals) = postSolution
		SolutionGuid = {CD0F8C23-F7B4-44B9-8F21-7386669A8CBA}
	EndGlobalSection
EndGlobal
